{
  "name": "mini-mock",
  "version": "1.0.0",
  "lockfileVersion": 1,
  "requires": true,
  "dependencies": {
    "@types/node": {
      "version": "13.13.12",
      "resolved": "https://registry.npm.taobao.org/@types/node/download/@types/node-13.13.12.tgz?cache=0&sync_timestamp=1592987702680&other_urls=https%3A%2F%2Fregistry.npm.taobao.org%2F%40types%2Fnode%2Fdownload%2F%40types%2Fnode-13.13.12.tgz",
      "integrity": "sha1-nHLoZTgKfcmZmeoO8g/JY1tQPSA=",
      "dev": true
    }
  }
}
